<?xml version="1.0" encoding="utf-8"?>
<Project ToolsVersion="4.0" xmlns="http://schemas.microsoft.com/developer/msbuild/2003">
  <ItemGroup>
    <Filter Include="源文件">
      <UniqueIdentifier>{4FC737F1-C7A5-4376-A066-2A32D752A2FF}</UniqueIdentifier>
      <Extensions>cpp;c;cc;cxx;def;odl;idl;hpj;bat;asm;asmx</Extensions>
    </Filter>
    <Filter Include="头文件">
      <UniqueIdentifier>{93995380-89BD-4b04-88EB-625FBE52EBFB}</UniqueIdentifier>
      <Extensions>h;hh;hpp;hxx;hm;inl;inc;xsd</Extensions>
    </Filter>
    <Filter Include="资源文件">
      <UniqueIdentifier>{67DA6AB6-F800-4c08-8B7A-83BB121AAD01}</UniqueIdentifier>
      <Extensions>rc;ico;cur;bmp;dlg;rc2;rct;bin;rgs;gif;jpg;jpeg;jpe;resx;tiff;tif;png;wav;mfcribbon-ms</Extensions>
    </Filter>
  </ItemGroup>
  <ItemGroup>
    <None Include="packages.config" />
  </ItemGroup>
  <ItemGroup>
    <ClCompile Include="main.cpp">
      <Filter>源文件</Filter>
    </ClCompile>
    <ClCompile Include="PbaThing.cpp">
      <Filter>源文件</Filter>
    </ClCompile>
    <ClCompile Include="DynamicalState.cpp">
      <Filter>源文件</Filter>
    </ClCompile>
    <ClCompile Include="LinearAlgebra.cpp">
      <Filter>源文件</Filter>
    </ClCompile>
    <ClCompile Include="Matrix.cpp">
      <Filter>源文件</Filter>
    </ClCompile>
    <ClCompile Include="PbaViewer.cpp">
      <Filter>源文件</Filter>
    </ClCompile>
    <ClCompile Include="GISolver.cpp">
      <Filter>源文件</Filter>
    </ClCompile>
    <ClCompile Include="ExplicitDynamics.cpp">
      <Filter>源文件</Filter>
    </ClCompile>
    <ClCompile Include="CollisionHandler.cpp">
      <Filter>源文件</Filter>
    </ClCompile>
    <ClCompile Include="CollisionSurface.cpp">
      <Filter>源文件</Filter>
    </ClCompile>
    <ClCompile Include="CollisionTriangle.cpp">
      <Filter>源文件</Filter>
    </ClCompile>
    <ClCompile Include="CollisionSphere.cpp">
      <Filter>源文件</Filter>
    </ClCompile>
    <ClCompile Include="CollisionSystem.cpp">
      <Filter>源文件</Filter>
    </ClCompile>
    <ClCompile Include="Force.cpp">
      <Filter>源文件</Filter>
    </ClCompile>
    <ClCompile Include="ForceLibrary.cpp">
      <Filter>源文件</Filter>
    </ClCompile>
    <ClCompile Include="myMethod.cpp">
      <Filter>源文件</Filter>
    </ClCompile>
  </ItemGroup>
  <ItemGroup>
    <ClInclude Include="BouncingBalls.h">
      <Filter>头文件</Filter>
    </ClInclude>
    <ClInclude Include="Color.h">
      <Filter>头文件</Filter>
    </ClInclude>
    <ClInclude Include="DynamicalState.h">
      <Filter>头文件</Filter>
    </ClInclude>
    <ClInclude Include="LinearAlgebra.h">
      <Filter>头文件</Filter>
    </ClInclude>
    <ClInclude Include="Matrix.h">
      <Filter>头文件</Filter>
    </ClInclude>
    <ClInclude Include="PbaThing.h">
      <Filter>头文件</Filter>
    </ClInclude>
    <ClInclude Include="PbaViewer.h">
      <Filter>头文件</Filter>
    </ClInclude>
    <ClInclude Include="RotatingCube.h">
      <Filter>头文件</Filter>
    </ClInclude>
    <ClInclude Include="Vector.h">
      <Filter>头文件</Filter>
    </ClInclude>
    <ClInclude Include="GISolver.h">
      <Filter>头文件</Filter>
    </ClInclude>
    <ClInclude Include="ExplicitDynamics.h">
      <Filter>头文件</Filter>
    </ClInclude>
    <ClInclude Include="CollisionHandler.h">
      <Filter>头文件</Filter>
    </ClInclude>
    <ClInclude Include="CollisionSurface.h">
      <Filter>头文件</Filter>
    </ClInclude>
    <ClInclude Include="CollisionTriangle.h">
      <Filter>头文件</Filter>
    </ClInclude>
    <ClInclude Include="CollisionSphere.h">
      <Filter>头文件</Filter>
    </ClInclude>
    <ClInclude Include="CollisionSystem.h">
      <Filter>头文件</Filter>
    </ClInclude>
    <ClInclude Include="Force.h">
      <Filter>头文件</Filter>
    </ClInclude>
    <ClInclude Include="ForceLibrary.h">
      <Filter>头文件</Filter>
    </ClInclude>
    <ClInclude Include="myMethod.h">
      <Filter>头文件</Filter>
    </ClInclude>
  </ItemGroup>
</Project>